
Microsoft Visual Studio Solution File, Format Version 12.00
# Visual Studio Version 17
VisualStudioVersion = 17.8.34330.188
MinimumVisualStudioVersion = 10.0.40219.1
Project("{2150E333-8FDC-42A3-9474-1A3956D46DE8}") = "Docs", "Docs", "{1BC9CD31-5512-451A-AC69-BAEE1FFD6112}"
EndProject
Project("{2150E333-8FDC-42A3-9474-1A3956D46DE8}") = "Src", "Src", "{A404F8E9-9025-4C0A-8B03-F77D11D08BC6}"
EndProject
Project("{2150E333-8FDC-42A3-9474-1A3956D46DE8}") = "Test", "Test", "{178946EE-B011-4616-B496-C2695F471D18}"
EndProject
Project("{2150E333-8FDC-42A3-9474-1A3956D46DE8}") = "Core", "Core", "{098A8CBA-E7FC-4BEB-B1E5-E675B5045D80}"
EndProject
Project("{2150E333-8FDC-42A3-9474-1A3956D46DE8}") = "Infrastructure", "Infrastructure", "{31469064-6D9D-4829-9F00-A48F1BE8F211}"
EndProject
Project("{2150E333-8FDC-42A3-9474-1A3956D46DE8}") = "Common", "Common", "{16D2C110-555C-4617-AF72-015F6F6B268C}"
EndProject
Project("{2150E333-8FDC-42A3-9474-1A3956D46DE8}") = "Presentation", "Presentation", "{B9C0BE33-4640-43B6-933B-C1BF951BB273}"
EndProject
Project("{FAE04EC0-301F-11D3-BF4B-00C04F79EFBC}") = "BugetoStore.Domain", "BugetoStore.Domain\BugetoStore.Domain.csproj", "{FF93B290-EC57-4C7B-B67E-C47BFFEBC756}"
EndProject
Project("{FAE04EC0-301F-11D3-BF4B-00C04F79EFBC}") = "BugetoStore.Application", "BugetoStore.Application\BugetoStore.Application.csproj", "{61E32BF3-45C2-4579-8BFF-8FA4D1556BCD}"
EndProject
Project("{FAE04EC0-301F-11D3-BF4B-00C04F79EFBC}") = "BugetoStore.infrastructure", "BugetoStore.infrastructure\BugetoStore.infrastructure.csproj", "{53184AD4-EF60-4338-8126-6B741D15CCE0}"
EndProject
Project("{FAE04EC0-301F-11D3-BF4B-00C04F79EFBC}") = "BugetoStore.Persistence", "BugetoStore.Persistence\BugetoStore.Persistence.csproj", "{F4EDE4D3-831C-4B7C-A850-0EB0272754E9}"
EndProject
Project("{FAE04EC0-301F-11D3-BF4B-00C04F79EFBC}") = "BugetoStore.Common", "BugetoStore.Common\BugetoStore.Common.csproj", "{52F1C25D-94D3-466D-AE33-EB4144A15EEF}"
EndProject
Project("{FAE04EC0-301F-11D3-BF4B-00C04F79EFBC}") = "EndPoint.Site", "EndPoint.Site\EndPoint.Site.csproj", "{69569160-EB35-4A29-92B7-42630D6D9390}"
EndProject
Global
	GlobalSection(SolutionConfigurationPlatforms) = preSolution
		Debug|Any CPU = Debug|Any CPU
		Release|Any CPU = Release|Any CPU
	EndGlobalSection
	GlobalSection(ProjectConfigurationPlatforms) = postSolution
		{FF93B290-EC57-4C7B-B67E-C47BFFEBC756}.Debug|Any CPU.ActiveCfg = Debug|Any CPU
		{FF93B290-EC57-4C7B-B67E-C47BFFEBC756}.Debug|Any CPU.Build.0 = Debug|Any CPU
		{FF93B290-EC57-4C7B-B67E-C47BFFEBC756}.Release|Any CPU.ActiveCfg = Release|Any CPU
		{FF93B290-EC57-4C7B-B67E-C47BFFEBC756}.Release|Any CPU.Build.0 = Release|Any CPU
		{61E32BF3-45C2-4579-8BFF-8FA4D1556BCD}.Debug|Any CPU.ActiveCfg = Debug|Any CPU
		{61E32BF3-45C2-4579-8BFF-8FA4D1556BCD}.Debug|Any CPU.Build.0 = Debug|Any CPU
		{61E32BF3-45C2-4579-8BFF-8FA4D1556BCD}.Release|Any CPU.ActiveCfg = Release|Any CPU
		{61E32BF3-45C2-4579-8BFF-8FA4D1556BCD}.Release|Any CPU.Build.0 = Release|Any CPU
		{53184AD4-EF60-4338-8126-6B741D15CCE0}.Debug|Any CPU.ActiveCfg = Debug|Any CPU
		{53184AD4-EF60-4338-8126-6B741D15CCE0}.Debug|Any CPU.Build.0 = Debug|Any CPU
		{53184AD4-EF60-4338-8126-6B741D15CCE0}.Release|Any CPU.ActiveCfg = Release|Any CPU
		{53184AD4-EF60-4338-8126-6B741D15CCE0}.Release|Any CPU.Build.0 = Release|Any CPU
		{F4EDE4D3-831C-4B7C-A850-0EB0272754E9}.Debug|Any CPU.ActiveCfg = Debug|Any CPU
		{F4EDE4D3-831C-4B7C-A850-0EB0272754E9}.Debug|Any CPU.Build.0 = Debug|Any CPU
		{F4EDE4D3-831C-4B7C-A850-0EB0272754E9}.Release|Any CPU.ActiveCfg = Release|Any CPU
		{F4EDE4D3-831C-4B7C-A850-0EB0272754E9}.Release|Any CPU.Build.0 = Release|Any CPU
		{52F1C25D-94D3-466D-AE33-EB4144A15EEF}.Debug|Any CPU.ActiveCfg = Debug|Any CPU
		{52F1C25D-94D3-466D-AE33-EB4144A15EEF}.Debug|Any CPU.Build.0 = Debug|Any CPU
		{52F1C25D-94D3-466D-AE33-EB4144A15EEF}.Release|Any CPU.ActiveCfg = Release|Any CPU
		{52F1C25D-94D3-466D-AE33-EB4144A15EEF}.Release|Any CPU.Build.0 = Release|Any CPU
		{69569160-EB35-4A29-92B7-42630D6D9390}.Debug|Any CPU.ActiveCfg = Debug|Any CPU
		{69569160-EB35-4A29-92B7-42630D6D9390}.Debug|Any CPU.Build.0 = Debug|Any CPU
		{69569160-EB35-4A29-92B7-42630D6D9390}.Release|Any CPU.ActiveCfg = Release|Any CPU
		{69569160-EB35-4A29-92B7-42630D6D9390}.Release|Any CPU.Build.0 = Release|Any CPU
	EndGlobalSection
	GlobalSection(SolutionProperties) = preSolution
		HideSolutionNode = FALSE
	EndGlobalSection
	GlobalSection(NestedProjects) = preSolution
		{098A8CBA-E7FC-4BEB-B1E5-E675B5045D80} = {A404F8E9-9025-4C0A-8B03-F77D11D08BC6}
		{31469064-6D9D-4829-9F00-A48F1BE8F211} = {A404F8E9-9025-4C0A-8B03-F77D11D08BC6}
		{16D2C110-555C-4617-AF72-015F6F6B268C} = {A404F8E9-9025-4C0A-8B03-F77D11D08BC6}
		{B9C0BE33-4640-43B6-933B-C1BF951BB273} = {A404F8E9-9025-4C0A-8B03-F77D11D08BC6}
		{FF93B290-EC57-4C7B-B67E-C47BFFEBC756} = {098A8CBA-E7FC-4BEB-B1E5-E675B5045D80}
		{61E32BF3-45C2-4579-8BFF-8FA4D1556BCD} = {098A8CBA-E7FC-4BEB-B1E5-E675B5045D80}
		{53184AD4-EF60-4338-8126-6B741D15CCE0} = {31469064-6D9D-4829-9F00-A48F1BE8F211}
		{F4EDE4D3-831C-4B7C-A850-0EB0272754E9} = {31469064-6D9D-4829-9F00-A48F1BE8F211}
		{52F1C25D-94D3-466D-AE33-EB4144A15EEF} = {16D2C110-555C-4617-AF72-015F6F6B268C}
		{69569160-EB35-4A29-92B7-42630D6D9390} = {B9C0BE33-4640-43B6-933B-C1BF951BB273}
	EndGlobalSection
	GlobalSection(ExtensibilityGlobals) = postSolution
		SolutionGuid = {3A0ABB31-AB8B-4497-A171-548E4F43FB6C}
	EndGlobalSection
EndGlobal
